
Microsoft Visual Studio Solution File, Format Version 12.00
# Visual Studio Version 17
VisualStudioVersion = 17.8.34330.188
MinimumVisualStudioVersion = 10.0.40219.1
Project("{FAE04EC0-301F-11D3-BF4B-00C04F79EFBC}") = "MVCCORECodebaseapproach", "MVCCORECodebaseapproach\MVCCORECodebaseapproach.csproj", "{F5A12E59-1435-4AC9-BD0A-B9C8195AE86B}"
EndProject
Global
	GlobalSection(SolutionConfigurationPlatforms) = preSolution
		Debug|Any CPU = Debug|Any CPU
		Release|Any CPU = Release|Any CPU
	EndGlobalSection
	GlobalSection(ProjectConfigurationPlatforms) = postSolution
		{F5A12E59-1435-4AC9-BD0A-B9C8195AE86B}.Debug|Any CPU.ActiveCfg = Debug|Any CPU
		{F5A12E59-1435-4AC9-BD0A-B9C8195AE86B}.Debug|Any CPU.Build.0 = Debug|Any CPU
		{F5A12E59-1435-4AC9-BD0A-B9C8195AE86B}.Release|Any CPU.ActiveCfg = Release|Any CPU
		{F5A12E59-1435-4AC9-BD0A-B9C8195AE86B}.Release|Any CPU.Build.0 = Release|Any CPU
	EndGlobalSection
	GlobalSection(SolutionProperties) = preSolution
		HideSolutionNode = FALSE
	EndGlobalSection
	GlobalSection(ExtensibilityGlobals) = postSolution
		SolutionGuid = {A8BF9D68-F922-4916-BD5F-3F997DC9845B}
	EndGlobalSection
EndGlobal
